// !$*UTF8*$!
{
	archiveVersion = 1;
	classes = {
	};
	objectVersion = 77;
	objects = {

/* Begin PBXContainerItemProxy section */
		730A7F4A2E376F210044DD9E /* PBXContainerItemProxy */ = {
			isa = PBXContainerItemProxy;
			containerPortal = 730A7F332E376F200044DD9E /* Project object */;
			proxyType = 1;
			remoteGlobalIDString = 730A7F3A2E376F200044DD9E;
			remoteInfo = spill;
		};
		730A7F542E376F210044DD9E /* PBXContainerItemProxy */ = {
			isa = PBXContainerItemProxy;
			containerPortal = 730A7F332E376F200044DD9E /* Project object */;
			proxyType = 1;
			remoteGlobalIDString = 730A7F3A2E376F200044DD9E;
			remoteInfo = spill;
		};
/* End PBXContainerItemProxy section */

/* Begin PBXFileReference section */
		730A7F3B2E376F200044DD9E /* spill.app */ = {isa = PBXFileReference; explicitFileType = wrapper.application; includeInIndex = 0; path = spill.app; sourceTree = BUILT_PRODUCTS_DIR; };
		730A7F492E376F210044DD9E /* spillTests.xctest */ = {isa = PBXFileReference; explicitFileType = wrapper.cfbundle; includeInIndex = 0; path = spillTests.xctest; sourceTree = BUILT_PRODUCTS_DIR; };
		730A7F532E376F210044DD9E /* spillUITests.xctest */ = {isa = PBXFileReference; explicitFileType = wrapper.cfbundle; includeInIndex = 0; path = spillUITests.xctest; sourceTree = BUILT_PRODUCTS_DIR; };
/* End PBXFileReference section */

/* Begin PBXFileSystemSynchronizedRootGroup section */
		730A7F3D2E376F200044DD9E /* spill */ = {
			isa = PBXFileSystemSynchronizedRootGroup;
			path = spill;
			sourceTree = "<group>";
		};
		730A7F4C2E376F210044DD9E /* spillTests */ = {
			isa = PBXFileSystemSynchronizedRootGroup;
			path = spillTests;
			sourceTree = "<group>";
		};
		730A7F562E376F210044DD9E /* spillUITests */ = {
			isa = PBXFileSystemSynchronizedRootGroup;
			path = spillUITests;
			sourceTree = "<group>";
		};
/* End PBXFileSystemSynchronizedRootGroup section */

/* Begin PBXFrameworksBuildPhase section */
		730A7F382E376F200044DD9E /* Frameworks */ = {
			isa = PBXFrameworksBuildPhase;
			buildActionMask = 2147483647;
			files = (
			);
			runOnlyForDeploymentPostprocessing = 0;
		};
		730A7F462E376F210044DD9E /* Frameworks */ = {
			isa = PBXFrameworksBuildPhase;
			buildActionMask = 2147483647;
			files = (
			);
			runOnlyForDeploymentPostprocessing = 0;
		};
		730A7F502E376F210044DD9E /* Frameworks */ = {
			isa = PBXFrameworksBuildPhase;
			buildActionMask = 2147483647;
			files = (
			);
			runOnlyForDeploymentPostprocessing = 0;
		};
/* End PBXFrameworksBuildPhase section */

/* Begin PBXGroup section */
		730A7F322E376F200044DD9E = {
			isa = PBXGroup;
			children = (
				730A7F3D2E376F200044DD9E /* spill */,
				730A7F4C2E376F210044DD9E /* spillTests */,
				730A7F562E376F210044DD9E /* spillUITests */,
				730A7F3C2E376F200044DD9E /* Products */,
			);
			sourceTree = "<group>";
		};
		730A7F3C2E376F200044DD9E /* Products */ = {
			isa = PBXGroup;
			children = (
				730A7F3B2E376F200044DD9E /* spill.app */,
				730A7F492E376F210044DD9E /* spillTests.xctest */,
				730A7F532E376F210044DD9E /* spillUITests.xctest */,
			);
			name = Products;
			sourceTree = "<group>";
		};
/* End PBXGroup section */

/* Begin PBXNativeTarget section */
		730A7F3A2E376F200044DD9E /* spill */ = {
			isa = PBXNativeTarget;
			buildConfigurationList = 730A7F5D2E376F210044DD9E /* Build configuration list for PBXNativeTarget "spill" */;
			buildPhases = (
				730A7F372E376F200044DD9E /* Sources */,
				730A7F382E376F200044DD9E /* Frameworks */,
				730A7F392E376F200044DD9E /* Resources */,
			);
			buildRules = (
			);
			dependencies = (
			);
			fileSystemSynchronizedGroups = (
				730A7F3D2E376F200044DD9E /* spill */,
			);
			name = spill;
			packageProductDependencies = (
			);
			productName = spill;
			productReference = 730A7F3B2E376F200044DD9E /* spill.app */;
			productType = "com.apple.product-type.application";
		};
		730A7F482E376F210044DD9E /* spillTests */ = {
			isa = PBXNativeTarget;
			buildConfigurationList = 730A7F602E376F210044DD9E /* Build configuration list for PBXNativeTarget "spillTests" */;
			buildPhases = (
				730A7F452E376F210044DD9E /* Sources */,
				730A7F462E376F210044DD9E /* Frameworks */,
				730A7F472E376F210044DD9E /* Resources */,
			);
			buildRules = (
			);
			dependencies = (
				730A7F4B2E376F210044DD9E /* PBXTargetDependency */,
			);
			fileSystemSynchronizedGroups = (
				730A7F4C2E376F210044DD9E /* spillTests */,
			);
			name = spillTests;
			packageProductDependencies = (
			);
			productName = spillTests;
			productReference = 730A7F492E376F210044DD9E /* spillTests.xctest */;
			productType = "com.apple.product-type.bundle.unit-test";
		};
		730A7F522E376F210044DD9E /* spillUITests */ = {
			isa = PBXNativeTarget;
			buildConfigurationList = 730A7F632E376F210044DD9E /* Build configuration list for PBXNativeTarget "spillUITests" */;
			buildPhases = (
				730A7F4F2E376F210044DD9E /* Sources */,
				730A7F502E376F210044DD9E /* Frameworks */,
				730A7F512E376F210044DD9E /* Resources */,
			);
			buildRules = (
			);
			dependencies = (
				730A7F552E376F210044DD9E /* PBXTargetDependency */,
			);
			fileSystemSynchronizedGroups = (
				730A7F562E376F210044DD9E /* spillUITests */,
			);
			name = spillUITests;
			packageProductDependencies = (
			);
			productName = spillUITests;
			productReference = 730A7F532E376F210044DD9E /* spillUITests.xctest */;
			productType = "com.apple.product-type.bundle.ui-testing";
		};
/* End PBXNativeTarget section */

/* Begin PBXProject section */
		730A7F332E376F200044DD9E /* Project object */ = {
			isa = PBXProject;
			attributes = {
				BuildIndependentTargetsInParallel = 1;
				LastSwiftUpdateCheck = 1640;
				LastUpgradeCheck = 1640;
				TargetAttributes = {
					730A7F3A2E376F200044DD9E = {
						CreatedOnToolsVersion = 16.4;
					};
					730A7F482E376F210044DD9E = {
						CreatedOnToolsVersion = 16.4;
						TestTargetID = 730A7F3A2E376F200044DD9E;
					};
					730A7F522E376F210044DD9E = {
						CreatedOnToolsVersion = 16.4;
						TestTargetID = 730A7F3A2E376F200044DD9E;
					};
				};
			};
			buildConfigurationList = 730A7F362E376F200044DD9E /* Build configuration list for PBXProject "spill" */;
			developmentRegion = en;
			hasScannedForEncodings = 0;
			knownRegions = (
				en,
				Base,
			);
			mainGroup = 730A7F322E376F200044DD9E;
			minimizedProjectReferenceProxies = 1;
			preferredProjectObjectVersion = 77;
			productRefGroup = 730A7F3C2E376F200044DD9E /* Products */;
			projectDirPath = "";
			projectRoot = "";
			targets = (
				730A7F3A2E376F200044DD9E /* spill */,
				730A7F482E376F210044DD9E /* spillTests */,
				730A7F522E376F210044DD9E /* spillUITests */,
			);
		};
/* End PBXProject section */

/* Begin PBXResourcesBuildPhase section */
		730A7F392E376F200044DD9E /* Resources */ = {
			isa = PBXResourcesBuildPhase;
			buildActionMask = 2147483647;
			files = (
			);
			runOnlyForDeploymentPostprocessing = 0;
		};
		730A7F472E376F210044DD9E /* Resources */ = {
			isa = PBXResourcesBuildPhase;
			buildActionMask = 2147483647;
			files = (
			);
			runOnlyForDeploymentPostprocessing = 0;
		};
		730A7F512E376F210044DD9E /* Resources */ = {
			isa = PBXResourcesBuildPhase;
			buildActionMask = 2147483647;
			files = (
			);
			runOnlyForDeploymentPostprocessing = 0;
		};
/* End PBXResourcesBuildPhase section */

/* Begin PBXSourcesBuildPhase section */
		730A7F372E376F200044DD9E /* Sources */ = {
			isa = PBXSourcesBuildPhase;
			buildActionMask = 2147483647;
			files = (
			);
			runOnlyForDeploymentPostprocessing = 0;
		};
		730A7F452E376F210044DD9E /* Sources */ = {
			isa = PBXSourcesBuildPhase;
			buildActionMask = 2147483647;
			files = (
			);
			runOnlyForDeploymentPostprocessing = 0;
		};
		730A7F4F2E376F210044DD9E /* Sources */ = {
			isa = PBXSourcesBuildPhase;
			buildActionMask = 2147483647;
			files = (
			);
			runOnlyForDeploymentPostprocessing = 0;
		};
/* End PBXSourcesBuildPhase section */

/* Begin PBXTargetDependency section */
		730A7F4B2E376F210044DD9E /* PBXTargetDependency */ = {
			isa = PBXTargetDependency;
			target = 730A7F3A2E376F200044DD9E /* spill */;
			targetProxy = 730A7F4A2E376F210044DD9E /* PBXContainerItemProxy */;
		};
		730A7F552E376F210044DD9E /* PBXTargetDependency */ = {
			isa = PBXTargetDependency;
			target = 730A7F3A2E376F200044DD9E /* spill */;
			targetProxy = 730A7F542E376F210044DD9E /* PBXContainerItemProxy */;
		};
/* End PBXTargetDependency section */

/* Begin XCBuildConfiguration section */
		730A7F5B2E376F210044DD9E /* Debug */ = {
			isa = XCBuildConfiguration;
			buildSettings = {
				ALWAYS_SEARCH_USER_PATHS = NO;
				ASSETCATALOG_COMPILER_GENERATE_SWIFT_ASSET_SYMBOL_EXTENSIONS = YES;
				CLANG_ANALYZER_NONNULL = YES;
				CLANG_ANALYZER_NUMBER_OBJECT_CONVERSION = YES_AGGRESSIVE;
				CLANG_CXX_LANGUAGE_STANDARD = "gnu++20";
				CLANG_ENABLE_MODULES = YES;
				CLANG_ENABLE_OBJC_ARC = YES;
				CLANG_ENABLE_OBJC_WEAK = YES;
				CLANG_WARN_BLOCK_CAPTURE_AUTORELEASING = YES;
				CLANG_WARN_BOOL_CONVERSION = YES;
				CLANG_WARN_COMMA = YES;
				CLANG_WARN_CONSTANT_CONVERSION = YES;
				CLANG_WARN_DEPRECATED_OBJC_IMPLEMENTATIONS = YES;
				CLANG_WARN_DIRECT_OBJC_ISA_USAGE = YES_ERROR;
				CLANG_WARN_DOCUMENTATION_COMMENTS = YES;
				CLANG_WARN_EMPTY_BODY = YES;
				CLANG_WARN_ENUM_CONVERSION = YES;
				CLANG_WARN_INFINITE_RECURSION = YES;
				CLANG_WARN_INT_CONVERSION = YES;
				CLANG_WARN_NON_LITERAL_NULL_CONVERSION = YES;
				CLANG_WARN_OBJC_IMPLICIT_RETAIN_SELF = YES;
				CLANG_WARN_OBJC_LITERAL_CONVERSION = YES;
				CLANG_WARN_OBJC_ROOT_CLASS = YES_ERROR;
				CLANG_WARN_QUOTED_INCLUDE_IN_FRAMEWORK_HEADER = YES;
				CLANG_WARN_RANGE_LOOP_ANALYSIS = YES;
				CLANG_WARN_STRICT_PROTOTYPES = YES;
				CLANG_WARN_SUSPICIOUS_MOVE = YES;
				CLANG_WARN_UNGUARDED_AVAILABILITY = YES_AGGRESSIVE;
				CLANG_WARN_UNREACHABLE_CODE = YES;
				CLANG_WARN__DUPLICATE_METHOD_MATCH = YES;
				COPY_PHASE_STRIP = NO;
				DEBUG_INFORMATION_FORMAT = dwarf;
				DEVELOPMENT_TEAM = J5U55XWJL6;
				ENABLE_STRICT_OBJC_MSGSEND = YES;
				ENABLE_TESTABILITY = YES;
				ENABLE_USER_SCRIPT_SANDBOXING = YES;
				GCC_C_LANGUAGE_STANDARD = gnu17;
				GCC_DYNAMIC_NO_PIC = NO;
				GCC_NO_COMMON_BLOCKS = YES;
				GCC_OPTIMIZATION_LEVEL = 0;
				GCC_PREPROCESSOR_DEFINITIONS = (
					"DEBUG=1",
					"$(inherited)",
				);
				GCC_WARN_64_TO_32_BIT_CONVERSION = YES;
				GCC_WARN_ABOUT_RETURN_TYPE = YES_ERROR;
				GCC_WARN_UNDECLARED_SELECTOR = YES;
				GCC_WARN_UNINITIALIZED_AUTOS = YES_AGGRESSIVE;
				GCC_WARN_UNUSED_FUNCTION = YES;
				GCC_WARN_UNUSED_VARIABLE = YES;
				LOCALIZATION_PREFERS_STRING_CATALOGS = YES;
				MACOSX_DEPLOYMENT_TARGET = 15.5;
				MTL_ENABLE_DEBUG_INFO = INCLUDE_SOURCE;
				MTL_FAST_MATH = YES;
				ONLY_ACTIVE_ARCH = YES;
				SDKROOT = macosx;
				SWIFT_ACTIVE_COMPILATION_CONDITIONS = "DEBUG $(inherited)";
				SWIFT_OPTIMIZATION_LEVEL = "-Onone";
			};
			name = Debug;
		};
		730A7F5C2E376F210044DD9E /* Release */ = {
			isa = XCBuildConfiguration;
			buildSettings = {
				ALWAYS_SEARCH_USER_PATHS = NO;
				ASSETCATALOG_COMPILER_GENERATE_SWIFT_ASSET_SYMBOL_EXTENSIONS = YES;
				CLANG_ANALYZER_NONNULL = YES;
				CLANG_ANALYZER_NUMBER_OBJECT_CONVERSION = YES_AGGRESSIVE;
				CLANG_CXX_LANGUAGE_STANDARD = "gnu++20";
				CLANG_ENABLE_MODULES = YES;
				CLANG_ENABLE_OBJC_ARC = YES;
				CLANG_ENABLE_OBJC_WEAK = YES;
				CLANG_WARN_BLOCK_CAPTURE_AUTORELEASING = YES;
				CLANG_WARN_BOOL_CONVERSION = YES;
				CLANG_WARN_COMMA = YES;
				CLANG_WARN_CONSTANT_CONVERSION = YES;
				CLANG_WARN_DEPRECATED_OBJC_IMPLEMENTATIONS = YES;
				CLANG_WARN_DIRECT_OBJC_ISA_USAGE = YES_ERROR;
				CLANG_WARN_DOCUMENTATION_COMMENTS = YES;
				CLANG_WARN_EMPTY_BODY = YES;
				CLANG_WARN_ENUM_CONVERSION = YES;
				CLANG_WARN_INFINITE_RECURSION = YES;
				CLANG_WARN_INT_CONVERSION = YES;
				CLANG_WARN_NON_LITERAL_NULL_CONVERSION = YES;
				CLANG_WARN_OBJC_IMPLICIT_RETAIN_SELF = YES;
				CLANG_WARN_OBJC_LITERAL_CONVERSION = YES;
				CLANG_WARN_OBJC_ROOT_CLASS = YES_ERROR;
				CLANG_WARN_QUOTED_INCLUDE_IN_FRAMEWORK_HEADER = YES;
				CLANG_WARN_RANGE_LOOP_ANALYSIS = YES;
				CLANG_WARN_STRICT_PROTOTYPES = YES;
				CLANG_WARN_SUSPICIOUS_MOVE = YES;
				CLANG_WARN_UNGUARDED_AVAILABILITY = YES_AGGRESSIVE;
				CLANG_WARN_UNREACHABLE_CODE = YES;
				CLANG_WARN__DUPLICATE_METHOD_MATCH = YES;
				COPY_PHASE_STRIP = NO;
				DEBUG_INFORMATION_FORMAT = "dwarf-with-dsym";
				DEVELOPMENT_TEAM = J5U55XWJL6;
				ENABLE_NS_ASSERTIONS = NO;
				ENABLE_STRICT_OBJC_MSGSEND = YES;
				ENABLE_USER_SCRIPT_SANDBOXING = YES;
				GCC_C_LANGUAGE_STANDARD = gnu17;
				GCC_NO_COMMON_BLOCKS = YES;
				GCC_WARN_64_TO_32_BIT_CONVERSION = YES;
				GCC_WARN_ABOUT_RETURN_TYPE = YES_ERROR;
				GCC_WARN_UNDECLARED_SELECTOR = YES;
				GCC_WARN_UNINITIALIZED_AUTOS = YES_AGGRESSIVE;
				GCC_WARN_UNUSED_FUNCTION = YES;
				GCC_WARN_UNUSED_VARIABLE = YES;
				LOCALIZATION_PREFERS_STRING_CATALOGS = YES;
				MACOSX_DEPLOYMENT_TARGET = 15.5;
				MTL_ENABLE_DEBUG_INFO = NO;
				MTL_FAST_MATH = YES;
				SDKROOT = macosx;
				SWIFT_COMPILATION_MODE = wholemodule;
			};
			name = Release;
		};
		730A7F5E2E376F210044DD9E /* Debug */ = {
			isa = XCBuildConfiguration;
			buildSettings = {
				ASSETCATALOG_COMPILER_APPICON_NAME = AppIcon;
				ASSETCATALOG_COMPILER_GLOBAL_ACCENT_COLOR_NAME = AccentColor;
				CODE_SIGN_ENTITLEMENTS = spill/spill.entitlements;
				CODE_SIGN_STYLE = Automatic;
				COMBINE_HIDPI_IMAGES = YES;
				CURRENT_PROJECT_VERSION = 1;
				DEVELOPMENT_TEAM = J5U55XWJL6;
				ENABLE_HARDENED_RUNTIME = YES;
				ENABLE_PREVIEWS = YES;
				GENERATE_INFOPLIST_FILE = YES;
				INFOPLIST_KEY_NSHumanReadableCopyright = "";
				LD_RUNPATH_SEARCH_PATHS = (
					"$(inherited)",
					"@executable_path/../Frameworks",
				);
				MARKETING_VERSION = 1.0;
				PRODUCT_BUNDLE_IDENTIFIER = arclinelabs.spill;
				PRODUCT_NAME = "$(TARGET_NAME)";
				REGISTER_APP_GROUPS = YES;
				SWIFT_EMIT_LOC_STRINGS = YES;
				SWIFT_VERSION = 5.0;
			};
			name = Debug;
		};
		730A7F5F2E376F210044DD9E /* Release */ = {
			isa = XCBuildConfiguration;
			buildSettings = {
				ASSETCATALOG_COMPILER_APPICON_NAME = AppIcon;
				ASSETCATALOG_COMPILER_GLOBAL_ACCENT_COLOR_NAME = AccentColor;
				CODE_SIGN_ENTITLEMENTS = spill/spill.entitlements;
				CODE_SIGN_STYLE = Automatic;
				COMBINE_HIDPI_IMAGES = YES;
				CURRENT_PROJECT_VERSION = 1;
				DEVELOPMENT_TEAM = J5U55XWJL6;
				ENABLE_HARDENED_RUNTIME = YES;
				ENABLE_PREVIEWS = YES;
				GENERATE_INFOPLIST_FILE = YES;
				INFOPLIST_KEY_NSHumanReadableCopyright = "";
				LD_RUNPATH_SEARCH_PATHS = (
					"$(inherited)",
					"@executable_path/../Frameworks",
				);
				MARKETING_VERSION = 1.0;
				PRODUCT_BUNDLE_IDENTIFIER = arclinelabs.spill;
				PRODUCT_NAME = "$(TARGET_NAME)";
				REGISTER_APP_GROUPS = YES;
				SWIFT_EMIT_LOC_STRINGS = YES;
				SWIFT_VERSION = 5.0;
			};
			name = Release;
		};
		730A7F612E376F210044DD9E /* Debug */ = {
			isa = XCBuildConfiguration;
			buildSettings = {
				BUNDLE_LOADER = "$(TEST_HOST)";
				CODE_SIGN_STYLE = Automatic;
				CURRENT_PROJECT_VERSION = 1;
				DEVELOPMENT_TEAM = J5U55XWJL6;
				GENERATE_INFOPLIST_FILE = YES;
				MACOSX_DEPLOYMENT_TARGET = 15.5;
				MARKETING_VERSION = 1.0;
				PRODUCT_BUNDLE_IDENTIFIER = arclinelabs.spillTests;
				PRODUCT_NAME = "$(TARGET_NAME)";
				SWIFT_EMIT_LOC_STRINGS = NO;
				SWIFT_VERSION = 5.0;
				TEST_HOST = "$(BUILT_PRODUCTS_DIR)/spill.app/$(BUNDLE_EXECUTABLE_FOLDER_PATH)/spill";
			};
			name = Debug;
		};
		730A7F622E376F210044DD9E /* Release */ = {
			isa = XCBuildConfiguration;
			buildSettings = {
				BUNDLE_LOADER = "$(TEST_HOST)";
				CODE_SIGN_STYLE = Automatic;
				CURRENT_PROJECT_VERSION = 1;
				DEVELOPMENT_TEAM = J5U55XWJL6;
				GENERATE_INFOPLIST_FILE = YES;
				MACOSX_DEPLOYMENT_TARGET = 15.5;
				MARKETING_VERSION = 1.0;
				PRODUCT_BUNDLE_IDENTIFIER = arclinelabs.spillTests;
				PRODUCT_NAME = "$(TARGET_NAME)";
				SWIFT_EMIT_LOC_STRINGS = NO;
				SWIFT_VERSION = 5.0;
				TEST_HOST = "$(BUILT_PRODUCTS_DIR)/spill.app/$(BUNDLE_EXECUTABLE_FOLDER_PATH)/spill";
			};
			name = Release;
		};
		730A7F642E376F210044DD9E /* Debug */ = {
			isa = XCBuildConfiguration;
			buildSettings = {
				CODE_SIGN_STYLE = Automatic;
				CURRENT_PROJECT_VERSION = 1;
				DEVELOPMENT_TEAM = J5U55XWJL6;
				GENERATE_INFOPLIST_FILE = YES;
				MARKETING_VERSION = 1.0;
				PRODUCT_BUNDLE_IDENTIFIER = arclinelabs.spillUITests;
				PRODUCT_NAME = "$(TARGET_NAME)";
				SWIFT_EMIT_LOC_STRINGS = NO;
				SWIFT_VERSION = 5.0;
				TEST_TARGET_NAME = spill;
			};
			name = Debug;
		};
		730A7F652E376F210044DD9E /* Release */ = {
			isa = XCBuildConfiguration;
			buildSettings = {
				CODE_SIGN_STYLE = Automatic;
				CURRENT_PROJECT_VERSION = 1;
				DEVELOPMENT_TEAM = J5U55XWJL6;
				GENERATE_INFOPLIST_FILE = YES;
				MARKETING_VERSION = 1.0;
				PRODUCT_BUNDLE_IDENTIFIER = arclinelabs.spillUITests;
				PRODUCT_NAME = "$(TARGET_NAME)";
				SWIFT_EMIT_LOC_STRINGS = NO;
				SWIFT_VERSION = 5.0;
				TEST_TARGET_NAME = spill;
			};
			name = Release;
		};
/* End XCBuildConfiguration section */

/* Begin XCConfigurationList section */
		730A7F362E376F200044DD9E /* Build configuration list for PBXProject "spill" */ = {
			isa = XCConfigurationList;
			buildConfigurations = (
				730A7F5B2E376F210044DD9E /* Debug */,
				730A7F5C2E376F210044DD9E /* Release */,
			);
			defaultConfigurationIsVisible = 0;
			defaultConfigurationName = Release;
		};
		730A7F5D2E376F210044DD9E /* Build configuration list for PBXNativeTarget "spill" */ = {
			isa = XCConfigurationList;
			buildConfigurations = (
				730A7F5E2E376F210044DD9E /* Debug */,
				730A7F5F2E376F210044DD9E /* Release */,
			);
			defaultConfigurationIsVisible = 0;
			defaultConfigurationName = Release;
		};
		730A7F602E376F210044DD9E /* Build configuration list for PBXNativeTarget "spillTests" */ = {
			isa = XCConfigurationList;
			buildConfigurations = (
				730A7F612E376F210044DD9E /* Debug */,
				730A7F622E376F210044DD9E /* Release */,
			);
			defaultConfigurationIsVisible = 0;
			defaultConfigurationName = Release;
		};
		730A7F632E376F210044DD9E /* Build configuration list for PBXNativeTarget "spillUITests" */ = {
			isa = XCConfigurationList;
			buildConfigurations = (
				730A7F642E376F210044DD9E /* Debug */,
				730A7F652E376F210044DD9E /* Release */,
			);
			defaultConfigurationIsVisible = 0;
			defaultConfigurationName = Release;
		};
/* End XCConfigurationList section */
	};
	rootObject = 730A7F332E376F200044DD9E /* Project object */;
}
